
Microsoft Visual Studio Solution File, Format Version 12.00
# Visual Studio Version 17
VisualStudioVersion = 17.0.31903.59
MinimumVisualStudioVersion = 10.0.40219.1
Project("{2150E333-8FDC-42A3-9474-1A3956D46DE8}") = "src", "src", "{BC3A4D65-2BBA-4649-9DD4-B604A2EBE8A8}"
EndProject
Project("{FAE04EC0-301F-11D3-BF4B-00C04F79EFBC}") = "PointsBet_Backend_Online_Code_Test", "src\PointsBet_Backend_Online_Code_Test\PointsBet_Backend_Online_Code_Test.csproj", "{6ED5A952-EA52-4C17-BFB6-BC73A63261B0}"
EndProject
Project("{2150E333-8FDC-42A3-9474-1A3956D46DE8}") = "tests", "tests", "{A6049F2A-7E1F-4634-BFFA-865C5932C9BE}"
EndProject
Project("{FAE04EC0-301F-11D3-BF4B-00C04F79EFBC}") = "PointsBet_Backend_Online_Code_Test.Tests", "tests\PointsBet_Backend_Online_Code_Test.Tests\PointsBet_Backend_Online_Code_Test.Tests.csproj", "{A2269E50-16B1-4E00-B21C-B2910A37E20D}"
EndProject
Global
	GlobalSection(SolutionConfigurationPlatforms) = preSolution
		Debug|Any CPU = Debug|Any CPU
		Release|Any CPU = Release|Any CPU
	EndGlobalSection
	GlobalSection(SolutionProperties) = preSolution
		HideSolutionNode = FALSE
	EndGlobalSection
	GlobalSection(ProjectConfigurationPlatforms) = postSolution
		{6ED5A952-EA52-4C17-BFB6-BC73A63261B0}.Debug|Any CPU.ActiveCfg = Debug|Any CPU
		{6ED5A952-EA52-4C17-BFB6-BC73A63261B0}.Debug|Any CPU.Build.0 = Debug|Any CPU
		{6ED5A952-EA52-4C17-BFB6-BC73A63261B0}.Release|Any CPU.ActiveCfg = Release|Any CPU
		{6ED5A952-EA52-4C17-BFB6-BC73A63261B0}.Release|Any CPU.Build.0 = Release|Any CPU
		{A2269E50-16B1-4E00-B21C-B2910A37E20D}.Debug|Any CPU.ActiveCfg = Debug|Any CPU
		{A2269E50-16B1-4E00-B21C-B2910A37E20D}.Debug|Any CPU.Build.0 = Debug|Any CPU
		{A2269E50-16B1-4E00-B21C-B2910A37E20D}.Release|Any CPU.ActiveCfg = Release|Any CPU
		{A2269E50-16B1-4E00-B21C-B2910A37E20D}.Release|Any CPU.Build.0 = Release|Any CPU
	EndGlobalSection
	GlobalSection(NestedProjects) = preSolution
		{6ED5A952-EA52-4C17-BFB6-BC73A63261B0} = {BC3A4D65-2BBA-4649-9DD4-B604A2EBE8A8}
		{A2269E50-16B1-4E00-B21C-B2910A37E20D} = {A6049F2A-7E1F-4634-BFFA-865C5932C9BE}
	EndGlobalSection
EndGlobal
